
Microsoft Visual Studio Solution File, Format Version 12.00
# Visual Studio Version 17
VisualStudioVersion = 17.2.32602.215
MinimumVisualStudioVersion = 10.0.40219.1
Project("{FAE04EC0-301F-11D3-BF4B-00C04F79EFBC}") = "WebServerApp", "WebServerApp\WebServerApp.csproj", "{F173A3DF-05B9-4B7A-A43A-EAD2954416A4}"
EndProject
Project("{FAE04EC0-301F-11D3-BF4B-00C04F79EFBC}") = "ClientGUI", "ClientGUI\ClientGUI.csproj", "{E7131434-0F8E-46FA-9F4A-A36F4DB59C14}"
EndProject
Project("{9A19103F-16F7-4668-BE54-9A1E7A4F7556}") = "WebClient", "WebClient\WebClient.csproj", "{AA4F5AA2-B569-4BC0-8C4F-9A0CB8AD1192}"
EndProject
Project("{FAE04EC0-301F-11D3-BF4B-00C04F79EFBC}") = "ConsoleApp1", "ConsoleApp1\ConsoleApp1.csproj", "{E96DBC06-0876-4A4A-918E-D124FE074835}"
EndProject
Global
	GlobalSection(SolutionConfigurationPlatforms) = preSolution
		Debug|Any CPU = Debug|Any CPU
		Release|Any CPU = Release|Any CPU
	EndGlobalSection
	GlobalSection(ProjectConfigurationPlatforms) = postSolution
		{F173A3DF-05B9-4B7A-A43A-EAD2954416A4}.Debug|Any CPU.ActiveCfg = Debug|Any CPU
		{F173A3DF-05B9-4B7A-A43A-EAD2954416A4}.Debug|Any CPU.Build.0 = Debug|Any CPU
		{F173A3DF-05B9-4B7A-A43A-EAD2954416A4}.Release|Any CPU.ActiveCfg = Release|Any CPU
		{F173A3DF-05B9-4B7A-A43A-EAD2954416A4}.Release|Any CPU.Build.0 = Release|Any CPU
		{E7131434-0F8E-46FA-9F4A-A36F4DB59C14}.Debug|Any CPU.ActiveCfg = Debug|Any CPU
		{E7131434-0F8E-46FA-9F4A-A36F4DB59C14}.Debug|Any CPU.Build.0 = Debug|Any CPU
		{E7131434-0F8E-46FA-9F4A-A36F4DB59C14}.Release|Any CPU.ActiveCfg = Release|Any CPU
		{E7131434-0F8E-46FA-9F4A-A36F4DB59C14}.Release|Any CPU.Build.0 = Release|Any CPU
		{AA4F5AA2-B569-4BC0-8C4F-9A0CB8AD1192}.Debug|Any CPU.ActiveCfg = Debug|Any CPU
		{AA4F5AA2-B569-4BC0-8C4F-9A0CB8AD1192}.Debug|Any CPU.Build.0 = Debug|Any CPU
		{AA4F5AA2-B569-4BC0-8C4F-9A0CB8AD1192}.Release|Any CPU.ActiveCfg = Release|Any CPU
		{AA4F5AA2-B569-4BC0-8C4F-9A0CB8AD1192}.Release|Any CPU.Build.0 = Release|Any CPU
		{E96DBC06-0876-4A4A-918E-D124FE074835}.Debug|Any CPU.ActiveCfg = Debug|Any CPU
		{E96DBC06-0876-4A4A-918E-D124FE074835}.Debug|Any CPU.Build.0 = Debug|Any CPU
		{E96DBC06-0876-4A4A-918E-D124FE074835}.Release|Any CPU.ActiveCfg = Release|Any CPU
		{E96DBC06-0876-4A4A-918E-D124FE074835}.Release|Any CPU.Build.0 = Release|Any CPU
	EndGlobalSection
	GlobalSection(SolutionProperties) = preSolution
		HideSolutionNode = FALSE
	EndGlobalSection
	GlobalSection(ExtensibilityGlobals) = postSolution
		SolutionGuid = {34EF0D8D-9586-4B46-ADBD-02BE15499BF9}
	EndGlobalSection
EndGlobal
